
Microsoft Visual Studio Solution File, Format Version 12.00
# Visual Studio Version 17
VisualStudioVersion = 17.9.34728.123
MinimumVisualStudioVersion = 10.0.40219.1
Project("{FAE04EC0-301F-11D3-BF4B-00C04F79EFBC}") = "AutomobileLibrary", "AutomobileLibrary\AutomobileLibrary.csproj", "{88761BD0-D5AB-4CC3-B11E-891C5B4D29A3}"
EndProject
Project("{FAE04EC0-301F-11D3-BF4B-00C04F79EFBC}") = "AutomobileWinApp", "AutomobileWinApp\AutomobileWinApp.csproj", "{31BEB184-B7C9-401D-AE34-956A32F0FF5F}"
EndProject
Global
	GlobalSection(SolutionConfigurationPlatforms) = preSolution
		Debug|Any CPU = Debug|Any CPU
		Release|Any CPU = Release|Any CPU
	EndGlobalSection
	GlobalSection(ProjectConfigurationPlatforms) = postSolution
		{88761BD0-D5AB-4CC3-B11E-891C5B4D29A3}.Debug|Any CPU.ActiveCfg = Debug|Any CPU
		{88761BD0-D5AB-4CC3-B11E-891C5B4D29A3}.Debug|Any CPU.Build.0 = Debug|Any CPU
		{88761BD0-D5AB-4CC3-B11E-891C5B4D29A3}.Release|Any CPU.ActiveCfg = Release|Any CPU
		{88761BD0-D5AB-4CC3-B11E-891C5B4D29A3}.Release|Any CPU.Build.0 = Release|Any CPU
		{31BEB184-B7C9-401D-AE34-956A32F0FF5F}.Debug|Any CPU.ActiveCfg = Debug|Any CPU
		{31BEB184-B7C9-401D-AE34-956A32F0FF5F}.Debug|Any CPU.Build.0 = Debug|Any CPU
		{31BEB184-B7C9-401D-AE34-956A32F0FF5F}.Release|Any CPU.ActiveCfg = Release|Any CPU
		{31BEB184-B7C9-401D-AE34-956A32F0FF5F}.Release|Any CPU.Build.0 = Release|Any CPU
	EndGlobalSection
	GlobalSection(SolutionProperties) = preSolution
		HideSolutionNode = FALSE
	EndGlobalSection
	GlobalSection(ExtensibilityGlobals) = postSolution
		SolutionGuid = {144FA18B-366D-4C8E-BBD9-610A4BE83E14}
	EndGlobalSection
EndGlobal
